// !$*UTF8*$!
{
	archiveVersion = 1;
	classes = {
	};
	objectVersion = 56;
	objects = {

/* Begin PBXBuildFile section */
		62C88FE82BAD325E00A55CC1 /* AppDelegate.swift in Sources */ = {isa = PBXBuildFile; fileRef = 62C88FE72BAD325E00A55CC1 /* AppDelegate.swift */; };
		62C88FEA2BAD325E00A55CC1 /* SceneDelegate.swift in Sources */ = {isa = PBXBuildFile; fileRef = 62C88FE92BAD325E00A55CC1 /* SceneDelegate.swift */; };
		62C88FEC2BAD325E00A55CC1 /* ViewController.swift in Sources */ = {isa = PBXBuildFile; fileRef = 62C88FEB2BAD325E00A55CC1 /* ViewController.swift */; };
		62C88FEF2BAD325E00A55CC1 /* Main.storyboard in Resources */ = {isa = PBXBuildFile; fileRef = 62C88FED2BAD325E00A55CC1 /* Main.storyboard */; };
		62C88FF12BAD326000A55CC1 /* Assets.xcassets in Resources */ = {isa = PBXBuildFile; fileRef = 62C88FF02BAD326000A55CC1 /* Assets.xcassets */; };
		62C88FF42BAD326000A55CC1 /* LaunchScreen.storyboard in Resources */ = {isa = PBXBuildFile; fileRef = 62C88FF22BAD326000A55CC1 /* LaunchScreen.storyboard */; };
		62C88FFF2BAD326000A55CC1 /* app_swooshTests.swift in Sources */ = {isa = PBXBuildFile; fileRef = 62C88FFE2BAD326000A55CC1 /* app_swooshTests.swift */; };
		62C890092BAD326000A55CC1 /* app_swooshUITests.swift in Sources */ = {isa = PBXBuildFile; fileRef = 62C890082BAD326000A55CC1 /* app_swooshUITests.swift */; };
		62C8900B2BAD326000A55CC1 /* app_swooshUITestsLaunchTests.swift in Sources */ = {isa = PBXBuildFile; fileRef = 62C8900A2BAD326000A55CC1 /* app_swooshUITestsLaunchTests.swift */; };
		62C890192BAD392300A55CC1 /* BorderButton.swift in Sources */ = {isa = PBXBuildFile; fileRef = 62C890182BAD392300A55CC1 /* BorderButton.swift */; };
/* End PBXBuildFile section */

/* Begin PBXContainerItemProxy section */
		62C88FFB2BAD326000A55CC1 /* PBXContainerItemProxy */ = {
			isa = PBXContainerItemProxy;
			containerPortal = 62C88FDC2BAD325E00A55CC1 /* Project object */;
			proxyType = 1;
			remoteGlobalIDString = 62C88FE32BAD325E00A55CC1;
			remoteInfo = "app-swoosh";
		};
		62C890052BAD326000A55CC1 /* PBXContainerItemProxy */ = {
			isa = PBXContainerItemProxy;
			containerPortal = 62C88FDC2BAD325E00A55CC1 /* Project object */;
			proxyType = 1;
			remoteGlobalIDString = 62C88FE32BAD325E00A55CC1;
			remoteInfo = "app-swoosh";
		};
/* End PBXContainerItemProxy section */

/* Begin PBXFileReference section */
		62C88FE42BAD325E00A55CC1 /* app-swoosh.app */ = {isa = PBXFileReference; explicitFileType = wrapper.application; includeInIndex = 0; path = "app-swoosh.app"; sourceTree = BUILT_PRODUCTS_DIR; };
		62C88FE72BAD325E00A55CC1 /* AppDelegate.swift */ = {isa = PBXFileReference; lastKnownFileType = sourcecode.swift; path = AppDelegate.swift; sourceTree = "<group>"; };
		62C88FE92BAD325E00A55CC1 /* SceneDelegate.swift */ = {isa = PBXFileReference; lastKnownFileType = sourcecode.swift; path = SceneDelegate.swift; sourceTree = "<group>"; };
		62C88FEB2BAD325E00A55CC1 /* ViewController.swift */ = {isa = PBXFileReference; lastKnownFileType = sourcecode.swift; path = ViewController.swift; sourceTree = "<group>"; };
		62C88FEE2BAD325E00A55CC1 /* Base */ = {isa = PBXFileReference; lastKnownFileType = file.storyboard; name = Base; path = Base.lproj/Main.storyboard; sourceTree = "<group>"; };
		62C88FF02BAD326000A55CC1 /* Assets.xcassets */ = {isa = PBXFileReference; lastKnownFileType = folder.assetcatalog; path = Assets.xcassets; sourceTree = "<group>"; };
		62C88FF32BAD326000A55CC1 /* Base */ = {isa = PBXFileReference; lastKnownFileType = file.storyboard; name = Base; path = Base.lproj/LaunchScreen.storyboard; sourceTree = "<group>"; };
		62C88FF52BAD326000A55CC1 /* Info.plist */ = {isa = PBXFileReference; lastKnownFileType = text.plist.xml; path = Info.plist; sourceTree = "<group>"; };
		62C88FFA2BAD326000A55CC1 /* app-swooshTests.xctest */ = {isa = PBXFileReference; explicitFileType = wrapper.cfbundle; includeInIndex = 0; path = "app-swooshTests.xctest"; sourceTree = BUILT_PRODUCTS_DIR; };
		62C88FFE2BAD326000A55CC1 /* app_swooshTests.swift */ = {isa = PBXFileReference; lastKnownFileType = sourcecode.swift; path = app_swooshTests.swift; sourceTree = "<group>"; };
		62C890042BAD326000A55CC1 /* app-swooshUITests.xctest */ = {isa = PBXFileReference; explicitFileType = wrapper.cfbundle; includeInIndex = 0; path = "app-swooshUITests.xctest"; sourceTree = BUILT_PRODUCTS_DIR; };
		62C890082BAD326000A55CC1 /* app_swooshUITests.swift */ = {isa = PBXFileReference; lastKnownFileType = sourcecode.swift; path = app_swooshUITests.swift; sourceTree = "<group>"; };
		62C8900A2BAD326000A55CC1 /* app_swooshUITestsLaunchTests.swift */ = {isa = PBXFileReference; lastKnownFileType = sourcecode.swift; path = app_swooshUITestsLaunchTests.swift; sourceTree = "<group>"; };
		62C890182BAD392300A55CC1 /* BorderButton.swift */ = {isa = PBXFileReference; lastKnownFileType = sourcecode.swift; path = BorderButton.swift; sourceTree = "<group>"; };
/* End PBXFileReference section */

/* Begin PBXFrameworksBuildPhase section */
		62C88FE12BAD325E00A55CC1 /* Frameworks */ = {
			isa = PBXFrameworksBuildPhase;
			buildActionMask = 2147483647;
			files = (
			);
			runOnlyForDeploymentPostprocessing = 0;
		};
		62C88FF72BAD326000A55CC1 /* Frameworks */ = {
			isa = PBXFrameworksBuildPhase;
			buildActionMask = 2147483647;
			files = (
			);
			runOnlyForDeploymentPostprocessing = 0;
		};
		62C890012BAD326000A55CC1 /* Frameworks */ = {
			isa = PBXFrameworksBuildPhase;
			buildActionMask = 2147483647;
			files = (
			);
			runOnlyForDeploymentPostprocessing = 0;
		};
/* End PBXFrameworksBuildPhase section */

/* Begin PBXGroup section */
		62C88FDB2BAD325E00A55CC1 = {
			isa = PBXGroup;
			children = (
				62C88FE62BAD325E00A55CC1 /* app-swoosh */,
				62C88FFD2BAD326000A55CC1 /* app-swooshTests */,
				62C890072BAD326000A55CC1 /* app-swooshUITests */,
				62C88FE52BAD325E00A55CC1 /* Products */,
			);
			sourceTree = "<group>";
		};
		62C88FE52BAD325E00A55CC1 /* Products */ = {
			isa = PBXGroup;
			children = (
				62C88FE42BAD325E00A55CC1 /* app-swoosh.app */,
				62C88FFA2BAD326000A55CC1 /* app-swooshTests.xctest */,
				62C890042BAD326000A55CC1 /* app-swooshUITests.xctest */,
			);
			name = Products;
			sourceTree = "<group>";
		};
		62C88FE62BAD325E00A55CC1 /* app-swoosh */ = {
			isa = PBXGroup;
			children = (
				62C890172BAD38BC00A55CC1 /* Views */,
				62C88FE72BAD325E00A55CC1 /* AppDelegate.swift */,
				62C88FE92BAD325E00A55CC1 /* SceneDelegate.swift */,
				62C88FEB2BAD325E00A55CC1 /* ViewController.swift */,
				62C88FED2BAD325E00A55CC1 /* Main.storyboard */,
				62C88FF02BAD326000A55CC1 /* Assets.xcassets */,
				62C88FF22BAD326000A55CC1 /* LaunchScreen.storyboard */,
				62C88FF52BAD326000A55CC1 /* Info.plist */,
			);
			path = "app-swoosh";
			sourceTree = "<group>";
		};
		62C88FFD2BAD326000A55CC1 /* app-swooshTests */ = {
			isa = PBXGroup;
			children = (
				62C88FFE2BAD326000A55CC1 /* app_swooshTests.swift */,
			);
			path = "app-swooshTests";
			sourceTree = "<group>";
		};
		62C890072BAD326000A55CC1 /* app-swooshUITests */ = {
			isa = PBXGroup;
			children = (
				62C890082BAD326000A55CC1 /* app_swooshUITests.swift */,
				62C8900A2BAD326000A55CC1 /* app_swooshUITestsLaunchTests.swift */,
			);
			path = "app-swooshUITests";
			sourceTree = "<group>";
		};
		62C890172BAD38BC00A55CC1 /* Views */ = {
			isa = PBXGroup;
			children = (
				62C890182BAD392300A55CC1 /* BorderButton.swift */,
			);
			path = Views;
			sourceTree = "<group>";
		};
/* End PBXGroup section */

/* Begin PBXNativeTarget section */
		62C88FE32BAD325E00A55CC1 /* app-swoosh */ = {
			isa = PBXNativeTarget;
			buildConfigurationList = 62C8900E2BAD326000A55CC1 /* Build configuration list for PBXNativeTarget "app-swoosh" */;
			buildPhases = (
				62C88FE02BAD325E00A55CC1 /* Sources */,
				62C88FE12BAD325E00A55CC1 /* Frameworks */,
				62C88FE22BAD325E00A55CC1 /* Resources */,
			);
			buildRules = (
			);
			dependencies = (
			);
			name = "app-swoosh";
			productName = "app-swoosh";
			productReference = 62C88FE42BAD325E00A55CC1 /* app-swoosh.app */;
			productType = "com.apple.product-type.application";
		};
		62C88FF92BAD326000A55CC1 /* app-swooshTests */ = {
			isa = PBXNativeTarget;
			buildConfigurationList = 62C890112BAD326000A55CC1 /* Build configuration list for PBXNativeTarget "app-swooshTests" */;
			buildPhases = (
				62C88FF62BAD326000A55CC1 /* Sources */,
				62C88FF72BAD326000A55CC1 /* Frameworks */,
				62C88FF82BAD326000A55CC1 /* Resources */,
			);
			buildRules = (
			);
			dependencies = (
				62C88FFC2BAD326000A55CC1 /* PBXTargetDependency */,
			);
			name = "app-swooshTests";
			productName = "app-swooshTests";
			productReference = 62C88FFA2BAD326000A55CC1 /* app-swooshTests.xctest */;
			productType = "com.apple.product-type.bundle.unit-test";
		};
		62C890032BAD326000A55CC1 /* app-swooshUITests */ = {
			isa = PBXNativeTarget;
			buildConfigurationList = 62C890142BAD326000A55CC1 /* Build configuration list for PBXNativeTarget "app-swooshUITests" */;
			buildPhases = (
				62C890002BAD326000A55CC1 /* Sources */,
				62C890012BAD326000A55CC1 /* Frameworks */,
				62C890022BAD326000A55CC1 /* Resources */,
			);
			buildRules = (
			);
			dependencies = (
				62C890062BAD326000A55CC1 /* PBXTargetDependency */,
			);
			name = "app-swooshUITests";
			productName = "app-swooshUITests";
			productReference = 62C890042BAD326000A55CC1 /* app-swooshUITests.xctest */;
			productType = "com.apple.product-type.bundle.ui-testing";
		};
/* End PBXNativeTarget section */

/* Begin PBXProject section */
		62C88FDC2BAD325E00A55CC1 /* Project object */ = {
			isa = PBXProject;
			attributes = {
				BuildIndependentTargetsInParallel = 1;
				LastSwiftUpdateCheck = 1420;
				LastUpgradeCheck = 1420;
				TargetAttributes = {
					62C88FE32BAD325E00A55CC1 = {
						CreatedOnToolsVersion = 14.2;
					};
					62C88FF92BAD326000A55CC1 = {
						CreatedOnToolsVersion = 14.2;
						TestTargetID = 62C88FE32BAD325E00A55CC1;
					};
					62C890032BAD326000A55CC1 = {
						CreatedOnToolsVersion = 14.2;
						TestTargetID = 62C88FE32BAD325E00A55CC1;
					};
				};
			};
			buildConfigurationList = 62C88FDF2BAD325E00A55CC1 /* Build configuration list for PBXProject "app-swoosh" */;
			compatibilityVersion = "Xcode 14.0";
			developmentRegion = en;
			hasScannedForEncodings = 0;
			knownRegions = (
				en,
				Base,
			);
			mainGroup = 62C88FDB2BAD325E00A55CC1;
			productRefGroup = 62C88FE52BAD325E00A55CC1 /* Products */;
			projectDirPath = "";
			projectRoot = "";
			targets = (
				62C88FE32BAD325E00A55CC1 /* app-swoosh */,
				62C88FF92BAD326000A55CC1 /* app-swooshTests */,
				62C890032BAD326000A55CC1 /* app-swooshUITests */,
			);
		};
/* End PBXProject section */

/* Begin PBXResourcesBuildPhase section */
		62C88FE22BAD325E00A55CC1 /* Resources */ = {
			isa = PBXResourcesBuildPhase;
			buildActionMask = 2147483647;
			files = (
				62C88FF42BAD326000A55CC1 /* LaunchScreen.storyboard in Resources */,
				62C88FF12BAD326000A55CC1 /* Assets.xcassets in Resources */,
				62C88FEF2BAD325E00A55CC1 /* Main.storyboard in Resources */,
			);
			runOnlyForDeploymentPostprocessing = 0;
		};
		62C88FF82BAD326000A55CC1 /* Resources */ = {
			isa = PBXResourcesBuildPhase;
			buildActionMask = 2147483647;
			files = (
			);
			runOnlyForDeploymentPostprocessing = 0;
		};
		62C890022BAD326000A55CC1 /* Resources */ = {
			isa = PBXResourcesBuildPhase;
			buildActionMask = 2147483647;
			files = (
			);
			runOnlyForDeploymentPostprocessing = 0;
		};
/* End PBXResourcesBuildPhase section */

/* Begin PBXSourcesBuildPhase section */
		62C88FE02BAD325E00A55CC1 /* Sources */ = {
			isa = PBXSourcesBuildPhase;
			buildActionMask = 2147483647;
			files = (
				62C88FEC2BAD325E00A55CC1 /* ViewController.swift in Sources */,
				62C88FE82BAD325E00A55CC1 /* AppDelegate.swift in Sources */,
				62C88FEA2BAD325E00A55CC1 /* SceneDelegate.swift in Sources */,
				62C890192BAD392300A55CC1 /* BorderButton.swift in Sources */,
			);
			runOnlyForDeploymentPostprocessing = 0;
		};
		62C88FF62BAD326000A55CC1 /* Sources */ = {
			isa = PBXSourcesBuildPhase;
			buildActionMask = 2147483647;
			files = (
				62C88FFF2BAD326000A55CC1 /* app_swooshTests.swift in Sources */,
			);
			runOnlyForDeploymentPostprocessing = 0;
		};
		62C890002BAD326000A55CC1 /* Sources */ = {
			isa = PBXSourcesBuildPhase;
			buildActionMask = 2147483647;
			files = (
				62C890092BAD326000A55CC1 /* app_swooshUITests.swift in Sources */,
				62C8900B2BAD326000A55CC1 /* app_swooshUITestsLaunchTests.swift in Sources */,
			);
			runOnlyForDeploymentPostprocessing = 0;
		};
/* End PBXSourcesBuildPhase section */

/* Begin PBXTargetDependency section */
		62C88FFC2BAD326000A55CC1 /* PBXTargetDependency */ = {
			isa = PBXTargetDependency;
			target = 62C88FE32BAD325E00A55CC1 /* app-swoosh */;
			targetProxy = 62C88FFB2BAD326000A55CC1 /* PBXContainerItemProxy */;
		};
		62C890062BAD326000A55CC1 /* PBXTargetDependency */ = {
			isa = PBXTargetDependency;
			target = 62C88FE32BAD325E00A55CC1 /* app-swoosh */;
			targetProxy = 62C890052BAD326000A55CC1 /* PBXContainerItemProxy */;
		};
/* End PBXTargetDependency section */

/* Begin PBXVariantGroup section */
		62C88FED2BAD325E00A55CC1 /* Main.storyboard */ = {
			isa = PBXVariantGroup;
			children = (
				62C88FEE2BAD325E00A55CC1 /* Base */,
			);
			name = Main.storyboard;
			sourceTree = "<group>";
		};
		62C88FF22BAD326000A55CC1 /* LaunchScreen.storyboard */ = {
			isa = PBXVariantGroup;
			children = (
				62C88FF32BAD326000A55CC1 /* Base */,
			);
			name = LaunchScreen.storyboard;
			sourceTree = "<group>";
		};
/* End PBXVariantGroup section */

/* Begin XCBuildConfiguration section */
		62C8900C2BAD326000A55CC1 /* Debug */ = {
			isa = XCBuildConfiguration;
			buildSettings = {
				ALWAYS_SEARCH_USER_PATHS = NO;
				CLANG_ANALYZER_NONNULL = YES;
				CLANG_ANALYZER_NUMBER_OBJECT_CONVERSION = YES_AGGRESSIVE;
				CLANG_CXX_LANGUAGE_STANDARD = "gnu++20";
				CLANG_ENABLE_MODULES = YES;
				CLANG_ENABLE_OBJC_ARC = YES;
				CLANG_ENABLE_OBJC_WEAK = YES;
				CLANG_WARN_BLOCK_CAPTURE_AUTORELEASING = YES;
				CLANG_WARN_BOOL_CONVERSION = YES;
				CLANG_WARN_COMMA = YES;
				CLANG_WARN_CONSTANT_CONVERSION = YES;
				CLANG_WARN_DEPRECATED_OBJC_IMPLEMENTATIONS = YES;
				CLANG_WARN_DIRECT_OBJC_ISA_USAGE = YES_ERROR;
				CLANG_WARN_DOCUMENTATION_COMMENTS = YES;
				CLANG_WARN_EMPTY_BODY = YES;
				CLANG_WARN_ENUM_CONVERSION = YES;
				CLANG_WARN_INFINITE_RECURSION = YES;
				CLANG_WARN_INT_CONVERSION = YES;
				CLANG_WARN_NON_LITERAL_NULL_CONVERSION = YES;
				CLANG_WARN_OBJC_IMPLICIT_RETAIN_SELF = YES;
				CLANG_WARN_OBJC_LITERAL_CONVERSION = YES;
				CLANG_WARN_OBJC_ROOT_CLASS = YES_ERROR;
				CLANG_WARN_QUOTED_INCLUDE_IN_FRAMEWORK_HEADER = YES;
				CLANG_WARN_RANGE_LOOP_ANALYSIS = YES;
				CLANG_WARN_STRICT_PROTOTYPES = YES;
				CLANG_WARN_SUSPICIOUS_MOVE = YES;
				CLANG_WARN_UNGUARDED_AVAILABILITY = YES_AGGRESSIVE;
				CLANG_WARN_UNREACHABLE_CODE = YES;
				CLANG_WARN__DUPLICATE_METHOD_MATCH = YES;
				COPY_PHASE_STRIP = NO;
				DEBUG_INFORMATION_FORMAT = dwarf;
				ENABLE_STRICT_OBJC_MSGSEND = YES;
				ENABLE_TESTABILITY = YES;
				GCC_C_LANGUAGE_STANDARD = gnu11;
				GCC_DYNAMIC_NO_PIC = NO;
				GCC_NO_COMMON_BLOCKS = YES;
				GCC_OPTIMIZATION_LEVEL = 0;
				GCC_PREPROCESSOR_DEFINITIONS = (
					"DEBUG=1",
					"$(inherited)",
				);
				GCC_WARN_64_TO_32_BIT_CONVERSION = YES;
				GCC_WARN_ABOUT_RETURN_TYPE = YES_ERROR;
				GCC_WARN_UNDECLARED_SELECTOR = YES;
				GCC_WARN_UNINITIALIZED_AUTOS = YES_AGGRESSIVE;
				GCC_WARN_UNUSED_FUNCTION = YES;
				GCC_WARN_UNUSED_VARIABLE = YES;
				IPHONEOS_DEPLOYMENT_TARGET = 16.2;
				MTL_ENABLE_DEBUG_INFO = INCLUDE_SOURCE;
				MTL_FAST_MATH = YES;
				ONLY_ACTIVE_ARCH = YES;
				SDKROOT = iphoneos;
				SWIFT_ACTIVE_COMPILATION_CONDITIONS = DEBUG;
				SWIFT_OPTIMIZATION_LEVEL = "-Onone";
			};
			name = Debug;
		};
		62C8900D2BAD326000A55CC1 /* Release */ = {
			isa = XCBuildConfiguration;
			buildSettings = {
				ALWAYS_SEARCH_USER_PATHS = NO;
				CLANG_ANALYZER_NONNULL = YES;
				CLANG_ANALYZER_NUMBER_OBJECT_CONVERSION = YES_AGGRESSIVE;
				CLANG_CXX_LANGUAGE_STANDARD = "gnu++20";
				CLANG_ENABLE_MODULES = YES;
				CLANG_ENABLE_OBJC_ARC = YES;
				CLANG_ENABLE_OBJC_WEAK = YES;
				CLANG_WARN_BLOCK_CAPTURE_AUTORELEASING = YES;
				CLANG_WARN_BOOL_CONVERSION = YES;
				CLANG_WARN_COMMA = YES;
				CLANG_WARN_CONSTANT_CONVERSION = YES;
				CLANG_WARN_DEPRECATED_OBJC_IMPLEMENTATIONS = YES;
				CLANG_WARN_DIRECT_OBJC_ISA_USAGE = YES_ERROR;
				CLANG_WARN_DOCUMENTATION_COMMENTS = YES;
				CLANG_WARN_EMPTY_BODY = YES;
				CLANG_WARN_ENUM_CONVERSION = YES;
				CLANG_WARN_INFINITE_RECURSION = YES;
				CLANG_WARN_INT_CONVERSION = YES;
				CLANG_WARN_NON_LITERAL_NULL_CONVERSION = YES;
				CLANG_WARN_OBJC_IMPLICIT_RETAIN_SELF = YES;
				CLANG_WARN_OBJC_LITERAL_CONVERSION = YES;
				CLANG_WARN_OBJC_ROOT_CLASS = YES_ERROR;
				CLANG_WARN_QUOTED_INCLUDE_IN_FRAMEWORK_HEADER = YES;
				CLANG_WARN_RANGE_LOOP_ANALYSIS = YES;
				CLANG_WARN_STRICT_PROTOTYPES = YES;
				CLANG_WARN_SUSPICIOUS_MOVE = YES;
				CLANG_WARN_UNGUARDED_AVAILABILITY = YES_AGGRESSIVE;
				CLANG_WARN_UNREACHABLE_CODE = YES;
				CLANG_WARN__DUPLICATE_METHOD_MATCH = YES;
				COPY_PHASE_STRIP = NO;
				DEBUG_INFORMATION_FORMAT = "dwarf-with-dsym";
				ENABLE_NS_ASSERTIONS = NO;
				ENABLE_STRICT_OBJC_MSGSEND = YES;
				GCC_C_LANGUAGE_STANDARD = gnu11;
				GCC_NO_COMMON_BLOCKS = YES;
				GCC_WARN_64_TO_32_BIT_CONVERSION = YES;
				GCC_WARN_ABOUT_RETURN_TYPE = YES_ERROR;
				GCC_WARN_UNDECLARED_SELECTOR = YES;
				GCC_WARN_UNINITIALIZED_AUTOS = YES_AGGRESSIVE;
				GCC_WARN_UNUSED_FUNCTION = YES;
				GCC_WARN_UNUSED_VARIABLE = YES;
				IPHONEOS_DEPLOYMENT_TARGET = 16.2;
				MTL_ENABLE_DEBUG_INFO = NO;
				MTL_FAST_MATH = YES;
				SDKROOT = iphoneos;
				SWIFT_COMPILATION_MODE = wholemodule;
				SWIFT_OPTIMIZATION_LEVEL = "-O";
				VALIDATE_PRODUCT = YES;
			};
			name = Release;
		};
		62C8900F2BAD326000A55CC1 /* Debug */ = {
			isa = XCBuildConfiguration;
			buildSettings = {
				ASSETCATALOG_COMPILER_APPICON_NAME = AppIcon;
				ASSETCATALOG_COMPILER_GLOBAL_ACCENT_COLOR_NAME = AccentColor;
				CODE_SIGN_STYLE = Automatic;
				CURRENT_PROJECT_VERSION = 1;
				DEVELOPMENT_TEAM = 56DKX573CG;
				GENERATE_INFOPLIST_FILE = YES;
				INFOPLIST_FILE = "app-swoosh/Info.plist";
				INFOPLIST_KEY_UIApplicationSupportsIndirectInputEvents = YES;
				INFOPLIST_KEY_UILaunchStoryboardName = LaunchScreen;
				INFOPLIST_KEY_UIMainStoryboardFile = Main;
				INFOPLIST_KEY_UISupportedInterfaceOrientations_iPad = "UIInterfaceOrientationPortrait UIInterfaceOrientationPortraitUpsideDown UIInterfaceOrientationLandscapeLeft UIInterfaceOrientationLandscapeRight";
				INFOPLIST_KEY_UISupportedInterfaceOrientations_iPhone = "UIInterfaceOrientationPortrait UIInterfaceOrientationLandscapeLeft UIInterfaceOrientationLandscapeRight";
				LD_RUNPATH_SEARCH_PATHS = (
					"$(inherited)",
					"@executable_path/Frameworks",
				);
				MARKETING_VERSION = 1.0;
				PRODUCT_BUNDLE_IDENTIFIER = "com.blockcode.app-swoosh";
				PRODUCT_NAME = "$(TARGET_NAME)";
				SWIFT_EMIT_LOC_STRINGS = YES;
				SWIFT_VERSION = 5.0;
				TARGETED_DEVICE_FAMILY = "1,2";
			};
			name = Debug;
		};
		62C890102BAD326000A55CC1 /* Release */ = {
			isa = XCBuildConfiguration;
			buildSettings = {
				ASSETCATALOG_COMPILER_APPICON_NAME = AppIcon;
				ASSETCATALOG_COMPILER_GLOBAL_ACCENT_COLOR_NAME = AccentColor;
				CODE_SIGN_STYLE = Automatic;
				CURRENT_PROJECT_VERSION = 1;
				DEVELOPMENT_TEAM = 56DKX573CG;
				GENERATE_INFOPLIST_FILE = YES;
				INFOPLIST_FILE = "app-swoosh/Info.plist";
				INFOPLIST_KEY_UIApplicationSupportsIndirectInputEvents = YES;
				INFOPLIST_KEY_UILaunchStoryboardName = LaunchScreen;
				INFOPLIST_KEY_UIMainStoryboardFile = Main;
				INFOPLIST_KEY_UISupportedInterfaceOrientations_iPad = "UIInterfaceOrientationPortrait UIInterfaceOrientationPortraitUpsideDown UIInterfaceOrientationLandscapeLeft UIInterfaceOrientationLandscapeRight";
				INFOPLIST_KEY_UISupportedInterfaceOrientations_iPhone = "UIInterfaceOrientationPortrait UIInterfaceOrientationLandscapeLeft UIInterfaceOrientationLandscapeRight";
				LD_RUNPATH_SEARCH_PATHS = (
					"$(inherited)",
					"@executable_path/Frameworks",
				);
				MARKETING_VERSION = 1.0;
				PRODUCT_BUNDLE_IDENTIFIER = "com.blockcode.app-swoosh";
				PRODUCT_NAME = "$(TARGET_NAME)";
				SWIFT_EMIT_LOC_STRINGS = YES;
				SWIFT_VERSION = 5.0;
				TARGETED_DEVICE_FAMILY = "1,2";
			};
			name = Release;
		};
		62C890122BAD326000A55CC1 /* Debug */ = {
			isa = XCBuildConfiguration;
			buildSettings = {
				ALWAYS_EMBED_SWIFT_STANDARD_LIBRARIES = YES;
				BUNDLE_LOADER = "$(TEST_HOST)";
				CODE_SIGN_STYLE = Automatic;
				CURRENT_PROJECT_VERSION = 1;
				DEVELOPMENT_TEAM = 56DKX573CG;
				GENERATE_INFOPLIST_FILE = YES;
				IPHONEOS_DEPLOYMENT_TARGET = 16.2;
				MARKETING_VERSION = 1.0;
				PRODUCT_BUNDLE_IDENTIFIER = "com.blockcode.app-swooshTests";
				PRODUCT_NAME = "$(TARGET_NAME)";
				SWIFT_EMIT_LOC_STRINGS = NO;
				SWIFT_VERSION = 5.0;
				TARGETED_DEVICE_FAMILY = "1,2";
				TEST_HOST = "$(BUILT_PRODUCTS_DIR)/app-swoosh.app/$(BUNDLE_EXECUTABLE_FOLDER_PATH)/app-swoosh";
			};
			name = Debug;
		};
		62C890132BAD326000A55CC1 /* Release */ = {
			isa = XCBuildConfiguration;
			buildSettings = {
				ALWAYS_EMBED_SWIFT_STANDARD_LIBRARIES = YES;
				BUNDLE_LOADER = "$(TEST_HOST)";
				CODE_SIGN_STYLE = Automatic;
				CURRENT_PROJECT_VERSION = 1;
				DEVELOPMENT_TEAM = 56DKX573CG;
				GENERATE_INFOPLIST_FILE = YES;
				IPHONEOS_DEPLOYMENT_TARGET = 16.2;
				MARKETING_VERSION = 1.0;
				PRODUCT_BUNDLE_IDENTIFIER = "com.blockcode.app-swooshTests";
				PRODUCT_NAME = "$(TARGET_NAME)";
				SWIFT_EMIT_LOC_STRINGS = NO;
				SWIFT_VERSION = 5.0;
				TARGETED_DEVICE_FAMILY = "1,2";
				TEST_HOST = "$(BUILT_PRODUCTS_DIR)/app-swoosh.app/$(BUNDLE_EXECUTABLE_FOLDER_PATH)/app-swoosh";
			};
			name = Release;
		};
		62C890152BAD326000A55CC1 /* Debug */ = {
			isa = XCBuildConfiguration;
			buildSettings = {
				ALWAYS_EMBED_SWIFT_STANDARD_LIBRARIES = YES;
				CODE_SIGN_STYLE = Automatic;
				CURRENT_PROJECT_VERSION = 1;
				DEVELOPMENT_TEAM = 56DKX573CG;
				GENERATE_INFOPLIST_FILE = YES;
				MARKETING_VERSION = 1.0;
				PRODUCT_BUNDLE_IDENTIFIER = "com.blockcode.app-swooshUITests";
				PRODUCT_NAME = "$(TARGET_NAME)";
				SWIFT_EMIT_LOC_STRINGS = NO;
				SWIFT_VERSION = 5.0;
				TARGETED_DEVICE_FAMILY = "1,2";
				TEST_TARGET_NAME = "app-swoosh";
			};
			name = Debug;
		};
		62C890162BAD326000A55CC1 /* Release */ = {
			isa = XCBuildConfiguration;
			buildSettings = {
				ALWAYS_EMBED_SWIFT_STANDARD_LIBRARIES = YES;
				CODE_SIGN_STYLE = Automatic;
				CURRENT_PROJECT_VERSION = 1;
				DEVELOPMENT_TEAM = 56DKX573CG;
				GENERATE_INFOPLIST_FILE = YES;
				MARKETING_VERSION = 1.0;
				PRODUCT_BUNDLE_IDENTIFIER = "com.blockcode.app-swooshUITests";
				PRODUCT_NAME = "$(TARGET_NAME)";
				SWIFT_EMIT_LOC_STRINGS = NO;
				SWIFT_VERSION = 5.0;
				TARGETED_DEVICE_FAMILY = "1,2";
				TEST_TARGET_NAME = "app-swoosh";
			};
			name = Release;
		};
/* End XCBuildConfiguration section */

/* Begin XCConfigurationList section */
		62C88FDF2BAD325E00A55CC1 /* Build configuration list for PBXProject "app-swoosh" */ = {
			isa = XCConfigurationList;
			buildConfigurations = (
				62C8900C2BAD326000A55CC1 /* Debug */,
				62C8900D2BAD326000A55CC1 /* Release */,
			);
			defaultConfigurationIsVisible = 0;
			defaultConfigurationName = Release;
		};
		62C8900E2BAD326000A55CC1 /* Build configuration list for PBXNativeTarget "app-swoosh" */ = {
			isa = XCConfigurationList;
			buildConfigurations = (
				62C8900F2BAD326000A55CC1 /* Debug */,
				62C890102BAD326000A55CC1 /* Release */,
			);
			defaultConfigurationIsVisible = 0;
			defaultConfigurationName = Release;
		};
		62C890112BAD326000A55CC1 /* Build configuration list for PBXNativeTarget "app-swooshTests" */ = {
			isa = XCConfigurationList;
			buildConfigurations = (
				62C890122BAD326000A55CC1 /* Debug */,
				62C890132BAD326000A55CC1 /* Release */,
			);
			defaultConfigurationIsVisible = 0;
			defaultConfigurationName = Release;
		};
		62C890142BAD326000A55CC1 /* Build configuration list for PBXNativeTarget "app-swooshUITests" */ = {
			isa = XCConfigurationList;
			buildConfigurations = (
				62C890152BAD326000A55CC1 /* Debug */,
				62C890162BAD326000A55CC1 /* Release */,
			);
			defaultConfigurationIsVisible = 0;
			defaultConfigurationName = Release;
		};
/* End XCConfigurationList section */
	};
	rootObject = 62C88FDC2BAD325E00A55CC1 /* Project object */;
}
